// !$*UTF8*$!
{
	archiveVersion = 1;
	classes = {
	};
	objectVersion = 46;
	objects = {

/* Begin PBXFileReference section */
		0B0D626D149F8D1000A2A606 /* buildExtensionLib.sh */ = {isa = PBXFileReference; fileEncoding = 4; lastKnownFileType = text.script.sh; path = buildExtensionLib.sh; sourceTree = "<group>"; };
/* End PBXFileReference section */

/* Begin PBXGroup section */
		0B0D6252149F878800A2A606 = {
			isa = PBXGroup;
			children = (
				0B0D626D149F8D1000A2A606 /* buildExtensionLib.sh */,
			);
			sourceTree = "<group>";
		};
/* End PBXGroup section */

/* Begin PBXLegacyTarget section */
		0B0D6259149F878800A2A606 /* MoSyncExtensionBuilder */ = {
			isa = PBXLegacyTarget;
			buildArgumentsString = "";
			buildConfigurationList = 0B0D625C149F878800A2A606 /* Build configuration list for PBXLegacyTarget "MoSyncExtensionBuilder" */;
			buildPhases = (
			);
			buildToolPath = ./buildExtensionLib.sh;
			buildWorkingDirectory = "";
			dependencies = (
			);
			name = MoSyncExtensionBuilder;
			passBuildSettingsInEnvironment = 1;
			productName = MoSyncExtensionBuilder;
		};
/* End PBXLegacyTarget section */

/* Begin PBXProject section */
		0B0D6254149F878800A2A606 /* Project object */ = {
			isa = PBXProject;
			attributes = {
				LastUpgradeCheck = 0420;
			};
			buildConfigurationList = 0B0D6257149F878800A2A606 /* Build configuration list for PBXProject "MoSyncExtensionBuilder" */;
			compatibilityVersion = "Xcode 3.2";
			developmentRegion = English;
			hasScannedForEncodings = 0;
			knownRegions = (
				en,
			);
			mainGroup = 0B0D6252149F878800A2A606;
			projectDirPath = "";
			projectRoot = "";
			targets = (
				0B0D6259149F878800A2A606 /* MoSyncExtensionBuilder */,
			);
		};
/* End PBXProject section */

/* Begin XCBuildConfiguration section */
		0B0D625A149F878800A2A606 /* Debug */ = {
			isa = XCBuildConfiguration;
			buildSettings = {
				ALWAYS_SEARCH_USER_PATHS = NO;
				ARCHS = "$(ARCHS_STANDARD_64_BIT)";
				COPY_PHASE_STRIP = NO;
				GCC_C_LANGUAGE_STANDARD = gnu99;
				GCC_DYNAMIC_NO_PIC = NO;
				GCC_ENABLE_OBJC_EXCEPTIONS = YES;
				GCC_OPTIMIZATION_LEVEL = 0;
				GCC_PREPROCESSOR_DEFINITIONS = (
					"DEBUG=1",
					"$(inherited)",
				);
				GCC_SYMBOLS_PRIVATE_EXTERN = NO;
				GCC_VERSION = com.apple.compilers.llvm.clang.1_0;
				GCC_WARN_64_TO_32_BIT_CONVERSION = YES;
				GCC_WARN_ABOUT_MISSING_PROTOTYPES = YES;
				GCC_WARN_ABOUT_RETURN_TYPE = YES;
				GCC_WARN_UNUSED_VARIABLE = YES;
				MACOSX_DEPLOYMENT_TARGET = 10.6;
				ONLY_ACTIVE_ARCH = YES;
				SDKROOT = macosx;
			};
			name = Debug;
		};
		0B0D625B149F878800A2A606 /* Release */ = {
			isa = XCBuildConfiguration;
			buildSettings = {
				ALWAYS_SEARCH_USER_PATHS = NO;
				ARCHS = "$(ARCHS_STANDARD_64_BIT)";
				COPY_PHASE_STRIP = YES;
				DEBUG_INFORMATION_FORMAT = "dwarf-with-dsym";
				GCC_C_LANGUAGE_STANDARD = gnu99;
				GCC_ENABLE_OBJC_EXCEPTIONS = YES;
				GCC_VERSION = com.apple.compilers.llvm.clang.1_0;
				GCC_WARN_64_TO_32_BIT_CONVERSION = YES;
				GCC_WARN_ABOUT_MISSING_PROTOTYPES = YES;
				GCC_WARN_ABOUT_RETURN_TYPE = YES;
				GCC_WARN_UNUSED_VARIABLE = YES;
				MACOSX_DEPLOYMENT_TARGET = 10.6;
				SDKROOT = macosx;
			};
			name = Release;
		};
		0B0D625D149F878800A2A606 /* Debug */ = {
			isa = XCBuildConfiguration;
			buildSettings = {
				DEBUGGING_SYMBOLS = YES;
				GCC_GENERATE_DEBUGGING_SYMBOLS = YES;
				GCC_OPTIMIZATION_LEVEL = 0;
				OTHER_CFLAGS = "";
				OTHER_LDFLAGS = "";
				PRODUCT_NAME = "$(TARGET_NAME)";
			};
			name = Debug;
		};
		0B0D625E149F878800A2A606 /* Release */ = {
			isa = XCBuildConfiguration;
			buildSettings = {
				OTHER_CFLAGS = "";
				OTHER_LDFLAGS = "";
				PRODUCT_NAME = "$(TARGET_NAME)";
			};
			name = Release;
		};
/* End XCBuildConfiguration section */

/* Begin XCConfigurationList section */
		0B0D6257149F878800A2A606 /* Build configuration list for PBXProject "MoSyncExtensionBuilder" */ = {
			isa = XCConfigurationList;
			buildConfigurations = (
				0B0D625A149F878800A2A606 /* Debug */,
				0B0D625B149F878800A2A606 /* Release */,
			);
			defaultConfigurationIsVisible = 0;
			defaultConfigurationName = Release;
		};
		0B0D625C149F878800A2A606 /* Build configuration list for PBXLegacyTarget "MoSyncExtensionBuilder" */ = {
			isa = XCConfigurationList;
			buildConfigurations = (
				0B0D625D149F878800A2A606 /* Debug */,
				0B0D625E149F878800A2A606 /* Release */,
			);
			defaultConfigurationIsVisible = 0;
		};
/* End XCConfigurationList section */
	};
	rootObject = 0B0D6254149F878800A2A606 /* Project object */;
}
